
Microsoft Visual Studio Solution File, Format Version 12.00
# Visual Studio Version 16
VisualStudioVersion = 16.0.31613.86
MinimumVisualStudioVersion = 10.0.40219.1
Project("{9A19103F-16F7-4668-BE54-9A1E7A4F7556}") = "controltiempos.Common", "controltiempos.Common\controltiempos.Common.csproj", "{A882978A-AC50-4EE4-B0EE-F6A1C73CFA74}"
EndProject
Project("{9A19103F-16F7-4668-BE54-9A1E7A4F7556}") = "controltiempos.Function", "controltiempos.Function\controltiempos.Function.csproj", "{D01C3892-B872-4503-ABAA-1D3B69FB615F}"
EndProject
Project("{9A19103F-16F7-4668-BE54-9A1E7A4F7556}") = "controltiempos.Tests", "controltiempos.Tests\controltiempos.Tests.csproj", "{095B538E-89F8-4E5C-9EB2-EF53E57A6D6C}"
EndProject
Global
	GlobalSection(SolutionConfigurationPlatforms) = preSolution
		Debug|Any CPU = Debug|Any CPU
		Release|Any CPU = Release|Any CPU
	EndGlobalSection
	GlobalSection(ProjectConfigurationPlatforms) = postSolution
		{A882978A-AC50-4EE4-B0EE-F6A1C73CFA74}.Debug|Any CPU.ActiveCfg = Debug|Any CPU
		{A882978A-AC50-4EE4-B0EE-F6A1C73CFA74}.Debug|Any CPU.Build.0 = Debug|Any CPU
		{A882978A-AC50-4EE4-B0EE-F6A1C73CFA74}.Release|Any CPU.ActiveCfg = Release|Any CPU
		{A882978A-AC50-4EE4-B0EE-F6A1C73CFA74}.Release|Any CPU.Build.0 = Release|Any CPU
		{D01C3892-B872-4503-ABAA-1D3B69FB615F}.Debug|Any CPU.ActiveCfg = Debug|Any CPU
		{D01C3892-B872-4503-ABAA-1D3B69FB615F}.Debug|Any CPU.Build.0 = Debug|Any CPU
		{D01C3892-B872-4503-ABAA-1D3B69FB615F}.Release|Any CPU.ActiveCfg = Release|Any CPU
		{D01C3892-B872-4503-ABAA-1D3B69FB615F}.Release|Any CPU.Build.0 = Release|Any CPU
		{095B538E-89F8-4E5C-9EB2-EF53E57A6D6C}.Debug|Any CPU.ActiveCfg = Debug|Any CPU
		{095B538E-89F8-4E5C-9EB2-EF53E57A6D6C}.Debug|Any CPU.Build.0 = Debug|Any CPU
		{095B538E-89F8-4E5C-9EB2-EF53E57A6D6C}.Release|Any CPU.ActiveCfg = Release|Any CPU
		{095B538E-89F8-4E5C-9EB2-EF53E57A6D6C}.Release|Any CPU.Build.0 = Release|Any CPU
	EndGlobalSection
	GlobalSection(SolutionProperties) = preSolution
		HideSolutionNode = FALSE
	EndGlobalSection
	GlobalSection(ExtensibilityGlobals) = postSolution
		SolutionGuid = {54BCD88A-8E85-438D-88C5-1708FF4CCA9E}
	EndGlobalSection
EndGlobal
